
Microsoft Visual Studio Solution File, Format Version 12.00
# Visual Studio Version 17
VisualStudioVersion = 17.7.34024.191
MinimumVisualStudioVersion = 10.0.40219.1
Project("{9A19103F-16F7-4668-BE54-9A1E7A4F7556}") = "OmopTransformer", "OmopTransformer\OmopTransformer.csproj", "{E9ADD738-58F7-4ADA-A20D-6A1B745BED05}"
EndProject
Project("{9A19103F-16F7-4668-BE54-9A1E7A4F7556}") = "OmopTransformerTests", "OmopTransformerTests\OmopTransformerTests.csproj", "{A2263A72-6587-42CE-A891-80D04D93C014}"
EndProject
Global
	GlobalSection(SolutionConfigurationPlatforms) = preSolution
		Debug|Any CPU = Debug|Any CPU
		Release_no_docs|Any CPU = Release_no_docs|Any CPU
		Release|Any CPU = Release|Any CPU
	EndGlobalSection
	GlobalSection(ProjectConfigurationPlatforms) = postSolution
		{E9ADD738-58F7-4ADA-A20D-6A1B745BED05}.Debug|Any CPU.ActiveCfg = Debug|Any CPU
		{E9ADD738-58F7-4ADA-A20D-6A1B745BED05}.Debug|Any CPU.Build.0 = Debug|Any CPU
		{E9ADD738-58F7-4ADA-A20D-6A1B745BED05}.Release_no_docs|Any CPU.ActiveCfg = Release_no_docs|Any CPU
		{E9ADD738-58F7-4ADA-A20D-6A1B745BED05}.Release_no_docs|Any CPU.Build.0 = Release_no_docs|Any CPU
		{E9ADD738-58F7-4ADA-A20D-6A1B745BED05}.Release|Any CPU.ActiveCfg = Release|Any CPU
		{E9ADD738-58F7-4ADA-A20D-6A1B745BED05}.Release|Any CPU.Build.0 = Release|Any CPU
		{A2263A72-6587-42CE-A891-80D04D93C014}.Debug|Any CPU.ActiveCfg = Debug|Any CPU
		{A2263A72-6587-42CE-A891-80D04D93C014}.Debug|Any CPU.Build.0 = Debug|Any CPU
		{A2263A72-6587-42CE-A891-80D04D93C014}.Release_no_docs|Any CPU.ActiveCfg = Release_no_docs|Any CPU
		{A2263A72-6587-42CE-A891-80D04D93C014}.Release_no_docs|Any CPU.Build.0 = Release_no_docs|Any CPU
		{A2263A72-6587-42CE-A891-80D04D93C014}.Release|Any CPU.ActiveCfg = Release|Any CPU
		{A2263A72-6587-42CE-A891-80D04D93C014}.Release|Any CPU.Build.0 = Release|Any CPU
	EndGlobalSection
	GlobalSection(SolutionProperties) = preSolution
		HideSolutionNode = FALSE
	EndGlobalSection
	GlobalSection(ExtensibilityGlobals) = postSolution
		SolutionGuid = {3EFC09DC-6BD4-48D2-9CF1-CD5042CE19FE}
	EndGlobalSection
EndGlobal
